{
  "name": "shared-actions",
<<<<<<< HEAD
  "version": "5.0.1",
=======
  "version": "5.0.1-SNAPSHOT",
>>>>>>> 634e95806e3921cb572db4d3f0b5f5ec6dc74454
  "lockfileVersion": 3,
  "requires": true,
  "packages": {
    "": {
      "name": "shared-actions",
<<<<<<< HEAD
      "version": "5.0.1",
=======
      "version": "5.0.1-SNAPSHOT",
>>>>>>> 634e95806e3921cb572db4d3f0b5f5ec6dc74454
      "license": "ISC"
    }
  }
}
